
Microsoft Visual Studio Solution File, Format Version 12.00
# Visual Studio Version 17
VisualStudioVersion = 17.14.37502.11 d17.14
MinimumVisualStudioVersion = 10.0.40219.1
Project("{FAE04EC0-301F-11D3-BF4B-00C04F79EFBC}") = "StaffMemberSystem", "StaffMemberSystem\StaffMemberSystem.csproj", "{5DE6673C-3B8A-4576-BFCD-046C4DF60F64}"
EndProject
Global
	GlobalSection(SolutionConfigurationPlatforms) = preSolution
		Debug|Any CPU = Debug|Any CPU
		Release|Any CPU = Release|Any CPU
	EndGlobalSection
	GlobalSection(ProjectConfigurationPlatforms) = postSolution
		{5DE6673C-3B8A-4576-BFCD-046C4DF60F64}.Debug|Any CPU.ActiveCfg = Debug|Any CPU
		{5DE6673C-3B8A-4576-BFCD-046C4DF60F64}.Debug|Any CPU.Build.0 = Debug|Any CPU
		{5DE6673C-3B8A-4576-BFCD-046C4DF60F64}.Release|Any CPU.ActiveCfg = Release|Any CPU
		{5DE6673C-3B8A-4576-BFCD-046C4DF60F64}.Release|Any CPU.Build.0 = Release|Any CPU
	EndGlobalSection
	GlobalSection(SolutionProperties) = preSolution
		HideSolutionNode = FALSE
	EndGlobalSection
	GlobalSection(ExtensibilityGlobals) = postSolution
		SolutionGuid = {471F5F64-1B08-4D73-BF0D-FBCB17740069}
	EndGlobalSection
EndGlobal
